{
  "name": "LAB",
  "lockfileVersion": 3,
  "requires": true,
  "packages": {
    "": {
      "dependencies": {
        "jelly-switch": "^0.2.3"
      }
    },
    "node_modules/jelly-switch": {
      "version": "0.2.3",
      "resolved": "https://registry.npmjs.org/jelly-switch/-/jelly-switch-0.2.3.tgz",
      "integrity": "sha512-7d67tFbxeWXjmSXRip92P3bSjX/6Wi0sYvV5TwWrqIo3fOnzb4RZILO2CPtbhMpuWSFQMG9Zf2tG5cz3WYCCjQ=="
    }
  }
}
